
Microsoft Visual Studio Solution File, Format Version 12.00
# Visual Studio Version 17
VisualStudioVersion = 17.0.32126.317
MinimumVisualStudioVersion = 10.0.40219.1
Project("{FAE04EC0-301F-11D3-BF4B-00C04F79EFBC}") = "LastKey", "LastKey\LastKey.csproj", "{281BC637-40AA-4E7A-8A74-95BF8F467439}"
EndProject
Global
	GlobalSection(SolutionConfigurationPlatforms) = preSolution
		Debug|Any CPU = Debug|Any CPU
		Release|Any CPU = Release|Any CPU
	EndGlobalSection
	GlobalSection(ProjectConfigurationPlatforms) = postSolution
		{281BC637-40AA-4E7A-8A74-95BF8F467439}.Debug|Any CPU.ActiveCfg = Debug|Any CPU
		{281BC637-40AA-4E7A-8A74-95BF8F467439}.Debug|Any CPU.Build.0 = Debug|Any CPU
		{281BC637-40AA-4E7A-8A74-95BF8F467439}.Release|Any CPU.ActiveCfg = Release|Any CPU
		{281BC637-40AA-4E7A-8A74-95BF8F467439}.Release|Any CPU.Build.0 = Release|Any CPU
	EndGlobalSection
	GlobalSection(SolutionProperties) = preSolution
		HideSolutionNode = FALSE
	EndGlobalSection
	GlobalSection(ExtensibilityGlobals) = postSolution
		SolutionGuid = {F32F759D-59B4-4091-9FF9-C1CE3F9F5EB7}
	EndGlobalSection
EndGlobal
